
// !$*UTF8*$!
{
	archiveVersion = 1;
	classes = {
	};
	objectVersion = 50;
	objects = {

/* Begin PBXBuildFile section */
		34B3C6B9248E994F00A42562 /* MealTableViewCell.swift in Sources */ = {isa = PBXBuildFile; fileRef = 34B3C6B8248E994F00A42562 /* MealTableViewCell.swift */; };
		34B3C6BD248F3AD400A42562 /* MealDetailsVC.swift in Sources */ = {isa = PBXBuildFile; fileRef = 34B3C6BC248F3AD400A42562 /* MealDetailsVC.swift */; };
		AA86286C2488DE6F00D9DE97 /* AppDelegate.swift in Sources */ = {isa = PBXBuildFile; fileRef = AA86286B2488DE6F00D9DE97 /* AppDelegate.swift */; };
		AA86286E2488DE6F00D9DE97 /* SceneDelegate.swift in Sources */ = {isa = PBXBuildFile; fileRef = AA86286D2488DE6F00D9DE97 /* SceneDelegate.swift */; };
		AA8628732488DE6F00D9DE97 /* Main.storyboard in Resources */ = {isa = PBXBuildFile; fileRef = AA8628712488DE6F00D9DE97 /* Main.storyboard */; };
		AA8628752488DE7700D9DE97 /* Assets.xcassets in Resources */ = {isa = PBXBuildFile; fileRef = AA8628742488DE7700D9DE97 /* Assets.xcassets */; };
		AA8628782488DE7700D9DE97 /* LaunchScreen.storyboard in Resources */ = {isa = PBXBuildFile; fileRef = AA8628762488DE7700D9DE97 /* LaunchScreen.storyboard */; };
		AA862880248A74F800D9DE97 /* HomeVC.swift in Sources */ = {isa = PBXBuildFile; fileRef = AA86287F248A74F800D9DE97 /* HomeVC.swift */; };
		AA862883248A8B7500D9DE97 /* CustomButton.swift in Sources */ = {isa = PBXBuildFile; fileRef = AA862882248A8B7500D9DE97 /* CustomButton.swift */; };
		AA862885248A980300D9DE97 /* MenuController.swift in Sources */ = {isa = PBXBuildFile; fileRef = AA862884248A980300D9DE97 /* MenuController.swift */; };
		AA862887248AC54400D9DE97 /* GlobalVC.swift in Sources */ = {isa = PBXBuildFile; fileRef = AA862886248AC54400D9DE97 /* GlobalVC.swift */; };
		AA86288A248ACB5B00D9DE97 /* MenuVC.swift in Sources */ = {isa = PBXBuildFile; fileRef = AA862889248ACB5B00D9DE97 /* MenuVC.swift */; };
		AA86288C248ACBEA00D9DE97 /* Protocols.swift in Sources */ = {isa = PBXBuildFile; fileRef = AA86288B248ACBEA00D9DE97 /* Protocols.swift */; };
		AA86288E248AD53000D9DE97 /* MenuOption.swift in Sources */ = {isa = PBXBuildFile; fileRef = AA86288D248AD53000D9DE97 /* MenuOption.swift */; };
		AA862890248AD9E400D9DE97 /* MenuOptionValues.swift in Sources */ = {isa = PBXBuildFile; fileRef = AA86288F248AD9E400D9DE97 /* MenuOptionValues.swift */; };
		AA862892248AE41800D9DE97 /* ThisWeekVC.swift in Sources */ = {isa = PBXBuildFile; fileRef = AA862891248AE41800D9DE97 /* ThisWeekVC.swift */; };
		AA862894248AE43000D9DE97 /* MealsVC.swift in Sources */ = {isa = PBXBuildFile; fileRef = AA862893248AE43000D9DE97 /* MealsVC.swift */; };
		AA862896248AE44800D9DE97 /* ShoppingVC.swift in Sources */ = {isa = PBXBuildFile; fileRef = AA862895248AE44800D9DE97 /* ShoppingVC.swift */; };
		AA862898248AE45500D9DE97 /* FavouritesVC.swift in Sources */ = {isa = PBXBuildFile; fileRef = AA862897248AE45500D9DE97 /* FavouritesVC.swift */; };
		AA86289A248BC4BA00D9DE97 /* Meals.swift in Sources */ = {isa = PBXBuildFile; fileRef = AA862899248BC4BA00D9DE97 /* Meals.swift */; };
		AA86289C248BC4C700D9DE97 /* Ingredients.swift in Sources */ = {isa = PBXBuildFile; fileRef = AA86289B248BC4C700D9DE97 /* Ingredients.swift */; };
		AA86289F248F941D00D9DE97 /* Home.storyboard in Resources */ = {isa = PBXBuildFile; fileRef = AA86289E248F941D00D9DE97 /* Home.storyboard */; };
		AA8628A1248F947B00D9DE97 /* Meals.storyboard in Resources */ = {isa = PBXBuildFile; fileRef = AA8628A0248F947B00D9DE97 /* Meals.storyboard */; };
		AA8628A3248F948F00D9DE97 /* Shopping.storyboard in Resources */ = {isa = PBXBuildFile; fileRef = AA8628A2248F948F00D9DE97 /* Shopping.storyboard */; };
		AA8628A5248F94A500D9DE97 /* Week.storyboard in Resources */ = {isa = PBXBuildFile; fileRef = AA8628A4248F94A500D9DE97 /* Week.storyboard */; };
		AA8628A7248F94C900D9DE97 /* Favorite.storyboard in Resources */ = {isa = PBXBuildFile; fileRef = AA8628A6248F94C900D9DE97 /* Favorite.storyboard */; };
/* End PBXBuildFile section */

/* Begin PBXFileReference section */
		34B3C6B8248E994F00A42562 /* MealTableViewCell.swift */ = {isa = PBXFileReference; lastKnownFileType = sourcecode.swift; path = MealTableViewCell.swift; sourceTree = "<group>"; };
		34B3C6BC248F3AD400A42562 /* MealDetailsVC.swift */ = {isa = PBXFileReference; lastKnownFileType = sourcecode.swift; path = MealDetailsVC.swift; sourceTree = "<group>"; };
		AA8628682488DE6F00D9DE97 /* Recipe App.app */ = {isa = PBXFileReference; explicitFileType = wrapper.application; includeInIndex = 0; path = "Recipe App.app"; sourceTree = BUILT_PRODUCTS_DIR; };
		AA86286B2488DE6F00D9DE97 /* AppDelegate.swift */ = {isa = PBXFileReference; lastKnownFileType = sourcecode.swift; path = AppDelegate.swift; sourceTree = "<group>"; };
		AA86286D2488DE6F00D9DE97 /* SceneDelegate.swift */ = {isa = PBXFileReference; lastKnownFileType = sourcecode.swift; path = SceneDelegate.swift; sourceTree = "<group>"; };
		AA8628722488DE6F00D9DE97 /* Base */ = {isa = PBXFileReference; lastKnownFileType = file.storyboard; name = Base; path = Base.lproj/Main.storyboard; sourceTree = "<group>"; };
		AA8628742488DE7700D9DE97 /* Assets.xcassets */ = {isa = PBXFileReference; lastKnownFileType = folder.assetcatalog; path = Assets.xcassets; sourceTree = "<group>"; };
		AA8628772488DE7700D9DE97 /* Base */ = {isa = PBXFileReference; lastKnownFileType = file.storyboard; name = Base; path = Base.lproj/LaunchScreen.storyboard; sourceTree = "<group>"; };
		AA8628792488DE7700D9DE97 /* Info.plist */ = {isa = PBXFileReference; lastKnownFileType = text.plist.xml; path = Info.plist; sourceTree = "<group>"; };
		AA86287F248A74F800D9DE97 /* HomeVC.swift */ = {isa = PBXFileReference; lastKnownFileType = sourcecode.swift; path = HomeVC.swift; sourceTree = "<group>"; };
		AA862882248A8B7500D9DE97 /* CustomButton.swift */ = {isa = PBXFileReference; lastKnownFileType = sourcecode.swift; path = CustomButton.swift; sourceTree = "<group>"; };
		AA862884248A980300D9DE97 /* MenuController.swift */ = {isa = PBXFileReference; lastKnownFileType = sourcecode.swift; path = MenuController.swift; sourceTree = "<group>"; };
		AA862886248AC54400D9DE97 /* GlobalVC.swift */ = {isa = PBXFileReference; lastKnownFileType = sourcecode.swift; path = GlobalVC.swift; sourceTree = "<group>"; };
		AA862889248ACB5B00D9DE97 /* MenuVC.swift */ = {isa = PBXFileReference; lastKnownFileType = sourcecode.swift; path = MenuVC.swift; sourceTree = "<group>"; };
		AA86288B248ACBEA00D9DE97 /* Protocols.swift */ = {isa = PBXFileReference; lastKnownFileType = sourcecode.swift; path = Protocols.swift; sourceTree = "<group>"; };
		AA86288D248AD53000D9DE97 /* MenuOption.swift */ = {isa = PBXFileReference; lastKnownFileType = sourcecode.swift; path = MenuOption.swift; sourceTree = "<group>"; };
		AA86288F248AD9E400D9DE97 /* MenuOptionValues.swift */ = {isa = PBXFileReference; lastKnownFileType = sourcecode.swift; path = MenuOptionValues.swift; sourceTree = "<group>"; };
		AA862891248AE41800D9DE97 /* ThisWeekVC.swift */ = {isa = PBXFileReference; lastKnownFileType = sourcecode.swift; path = ThisWeekVC.swift; sourceTree = "<group>"; };
		AA862893248AE43000D9DE97 /* MealsVC.swift */ = {isa = PBXFileReference; lastKnownFileType = sourcecode.swift; path = MealsVC.swift; sourceTree = "<group>"; };
		AA862895248AE44800D9DE97 /* ShoppingVC.swift */ = {isa = PBXFileReference; lastKnownFileType = sourcecode.swift; path = ShoppingVC.swift; sourceTree = "<group>"; };
		AA862897248AE45500D9DE97 /* FavouritesVC.swift */ = {isa = PBXFileReference; lastKnownFileType = sourcecode.swift; path = FavouritesVC.swift; sourceTree = "<group>"; };
		AA862899248BC4BA00D9DE97 /* Meals.swift */ = {isa = PBXFileReference; lastKnownFileType = sourcecode.swift; path = Meals.swift; sourceTree = "<group>"; };
		AA86289B248BC4C700D9DE97 /* Ingredients.swift */ = {isa = PBXFileReference; lastKnownFileType = sourcecode.swift; path = Ingredients.swift; sourceTree = "<group>"; };
		AA86289E248F941D00D9DE97 /* Home.storyboard */ = {isa = PBXFileReference; lastKnownFileType = file.storyboard; path = Home.storyboard; sourceTree = "<group>"; };
		AA8628A0248F947B00D9DE97 /* Meals.storyboard */ = {isa = PBXFileReference; lastKnownFileType = file.storyboard; path = Meals.storyboard; sourceTree = "<group>"; };
		AA8628A2248F948F00D9DE97 /* Shopping.storyboard */ = {isa = PBXFileReference; lastKnownFileType = file.storyboard; path = Shopping.storyboard; sourceTree = "<group>"; };
		AA8628A4248F94A500D9DE97 /* Week.storyboard */ = {isa = PBXFileReference; lastKnownFileType = file.storyboard; path = Week.storyboard; sourceTree = "<group>"; };
		AA8628A6248F94C900D9DE97 /* Favorite.storyboard */ = {isa = PBXFileReference; lastKnownFileType = file.storyboard; path = Favorite.storyboard; sourceTree = "<group>"; };
/* End PBXFileReference section */

/* Begin PBXFrameworksBuildPhase section */
		AA8628652488DE6F00D9DE97 /* Frameworks */ = {
			isa = PBXFrameworksBuildPhase;
			buildActionMask = 2147483647;
			files = (
			);
			runOnlyForDeploymentPostprocessing = 0;
		};
/* End PBXFrameworksBuildPhase section */

/* Begin PBXGroup section */
		AA86285F2488DE6F00D9DE97 = {
			isa = PBXGroup;
			children = (
				AA86286A2488DE6F00D9DE97 /* Recipe App */,
				AA8628692488DE6F00D9DE97 /* Products */,
			);
			sourceTree = "<group>";
		};
		AA8628692488DE6F00D9DE97 /* Products */ = {
			isa = PBXGroup;
			children = (
				AA8628682488DE6F00D9DE97 /* Recipe App.app */,
			);
			name = Products;
			sourceTree = "<group>";
		};
		AA86286A2488DE6F00D9DE97 /* Recipe App */ = {
			isa = PBXGroup;
			children = (
				AA86289D248F93F800D9DE97 /* Storyboards */,
				AA862888248ACB4000D9DE97 /* Controllers */,
				AA86286B2488DE6F00D9DE97 /* AppDelegate.swift */,
				AA86286D2488DE6F00D9DE97 /* SceneDelegate.swift */,
				AA862881248A8B5E00D9DE97 /* Custom */,
				34B3C6B8248E994F00A42562 /* MealTableViewCell.swift */,
				AA8628742488DE7700D9DE97 /* Assets.xcassets */,
				AA8628762488DE7700D9DE97 /* LaunchScreen.storyboard */,
				AA8628792488DE7700D9DE97 /* Info.plist */,
				AA862884248A980300D9DE97 /* MenuController.swift */,
				AA86288D248AD53000D9DE97 /* MenuOption.swift */,
			);
			path = "Recipe App";
			sourceTree = "<group>";
		};
		AA862881248A8B5E00D9DE97 /* Custom */ = {
			isa = PBXGroup;
			children = (
				AA86288F248AD9E400D9DE97 /* MenuOptionValues.swift */,
				AA86288B248ACBEA00D9DE97 /* Protocols.swift */,
				AA862882248A8B7500D9DE97 /* CustomButton.swift */,
				AA862899248BC4BA00D9DE97 /* Meals.swift */,
				AA86289B248BC4C700D9DE97 /* Ingredients.swift */,
			);
			path = Custom;
			sourceTree = "<group>";
		};
		AA862888248ACB4000D9DE97 /* Controllers */ = {
			isa = PBXGroup;
			children = (
				AA86287F248A74F800D9DE97 /* HomeVC.swift */,
				AA862886248AC54400D9DE97 /* GlobalVC.swift */,
				AA862889248ACB5B00D9DE97 /* MenuVC.swift */,
				AA862891248AE41800D9DE97 /* ThisWeekVC.swift */,
				AA862893248AE43000D9DE97 /* MealsVC.swift */,
				34B3C6BC248F3AD400A42562 /* MealDetailsVC.swift */,
				AA862895248AE44800D9DE97 /* ShoppingVC.swift */,
				AA862897248AE45500D9DE97 /* FavouritesVC.swift */,
			);
			path = Controllers;
			sourceTree = "<group>";
		};
		AA86289D248F93F800D9DE97 /* Storyboards */ = {
			isa = PBXGroup;
			children = (
				AA8628712488DE6F00D9DE97 /* Main.storyboard */,
				AA86289E248F941D00D9DE97 /* Home.storyboard */,
				AA8628A0248F947B00D9DE97 /* Meals.storyboard */,
				AA8628A2248F948F00D9DE97 /* Shopping.storyboard */,
				AA8628A4248F94A500D9DE97 /* Week.storyboard */,
				AA8628A6248F94C900D9DE97 /* Favorite.storyboard */,
			);
			path = Storyboards;
			sourceTree = "<group>";
		};
/* End PBXGroup section */

/* Begin PBXNativeTarget section */
		AA8628672488DE6F00D9DE97 /* Recipe App */ = {
			isa = PBXNativeTarget;
			buildConfigurationList = AA86287C2488DE7700D9DE97 /* Build configuration list for PBXNativeTarget "Recipe App" */;
			buildPhases = (
				AA8628642488DE6F00D9DE97 /* Sources */,
				AA8628652488DE6F00D9DE97 /* Frameworks */,
				AA8628662488DE6F00D9DE97 /* Resources */,
			);
			buildRules = (
			);
			dependencies = (
			);
			name = "Recipe App";
			productName = "Recipe App";
			productReference = AA8628682488DE6F00D9DE97 /* Recipe App.app */;
			productType = "com.apple.product-type.application";
		};
/* End PBXNativeTarget section */

/* Begin PBXProject section */
		AA8628602488DE6F00D9DE97 /* Project object */ = {
			isa = PBXProject;
			attributes = {
				LastSwiftUpdateCheck = 1140;
				LastUpgradeCheck = 1140;
				ORGANIZATIONNAME = JSSK;
				TargetAttributes = {
					AA8628672488DE6F00D9DE97 = {
						CreatedOnToolsVersion = 11.4;
					};
				};
			};
			buildConfigurationList = AA8628632488DE6F00D9DE97 /* Build configuration list for PBXProject "Recipe App" */;
			compatibilityVersion = "Xcode 9.3";
			developmentRegion = en;
			hasScannedForEncodings = 0;
			knownRegions = (
				en,
				Base,
			);
			mainGroup = AA86285F2488DE6F00D9DE97;
			productRefGroup = AA8628692488DE6F00D9DE97 /* Products */;
			projectDirPath = "";
			projectRoot = "";
			targets = (
				AA8628672488DE6F00D9DE97 /* Recipe App */,
			);
		};
/* End PBXProject section */

/* Begin PBXResourcesBuildPhase section */
		AA8628662488DE6F00D9DE97 /* Resources */ = {
			isa = PBXResourcesBuildPhase;
			buildActionMask = 2147483647;
			files = (
				AA8628A3248F948F00D9DE97 /* Shopping.storyboard in Resources */,
				AA8628A1248F947B00D9DE97 /* Meals.storyboard in Resources */,
				AA8628A7248F94C900D9DE97 /* Favorite.storyboard in Resources */,
				AA8628782488DE7700D9DE97 /* LaunchScreen.storyboard in Resources */,
				AA8628752488DE7700D9DE97 /* Assets.xcassets in Resources */,
				AA8628732488DE6F00D9DE97 /* Main.storyboard in Resources */,
				AA8628A5248F94A500D9DE97 /* Week.storyboard in Resources */,
				AA86289F248F941D00D9DE97 /* Home.storyboard in Resources */,
			);
			runOnlyForDeploymentPostprocessing = 0;
		};
/* End PBXResourcesBuildPhase section */

/* Begin PBXSourcesBuildPhase section */
		AA8628642488DE6F00D9DE97 /* Sources */ = {
			isa = PBXSourcesBuildPhase;
			buildActionMask = 2147483647;
			files = (
				AA862892248AE41800D9DE97 /* ThisWeekVC.swift in Sources */,
				AA862880248A74F800D9DE97 /* HomeVC.swift in Sources */,
				AA86286C2488DE6F00D9DE97 /* AppDelegate.swift in Sources */,
				AA86286E2488DE6F00D9DE97 /* SceneDelegate.swift in Sources */,
				AA862896248AE44800D9DE97 /* ShoppingVC.swift in Sources */,
				AA86288A248ACB5B00D9DE97 /* MenuVC.swift in Sources */,
				34B3C6BD248F3AD400A42562 /* MealDetailsVC.swift in Sources */,
				AA86288E248AD53000D9DE97 /* MenuOption.swift in Sources */,
				AA862890248AD9E400D9DE97 /* MenuOptionValues.swift in Sources */,
				AA86289C248BC4C700D9DE97 /* Ingredients.swift in Sources */,
				34B3C6B9248E994F00A42562 /* MealTableViewCell.swift in Sources */,
				AA862894248AE43000D9DE97 /* MealsVC.swift in Sources */,
				AA86289A248BC4BA00D9DE97 /* Meals.swift in Sources */,
				AA862885248A980300D9DE97 /* MenuController.swift in Sources */,
				AA862883248A8B7500D9DE97 /* CustomButton.swift in Sources */,
				AA862887248AC54400D9DE97 /* GlobalVC.swift in Sources */,
				AA862898248AE45500D9DE97 /* FavouritesVC.swift in Sources */,
				AA86288C248ACBEA00D9DE97 /* Protocols.swift in Sources */,
			);
			runOnlyForDeploymentPostprocessing = 0;
		};
/* End PBXSourcesBuildPhase section */

/* Begin PBXVariantGroup section */
		AA8628712488DE6F00D9DE97 /* Main.storyboard */ = {
			isa = PBXVariantGroup;
			children = (
				AA8628722488DE6F00D9DE97 /* Base */,
			);
			name = Main.storyboard;
			sourceTree = "<group>";
		};
		AA8628762488DE7700D9DE97 /* LaunchScreen.storyboard */ = {
			isa = PBXVariantGroup;
			children = (
				AA8628772488DE7700D9DE97 /* Base */,
			);
			name = LaunchScreen.storyboard;
			sourceTree = "<group>";
		};
/* End PBXVariantGroup section */

/* Begin XCBuildConfiguration section */
		AA86287A2488DE7700D9DE97 /* Debug */ = {
			isa = XCBuildConfiguration;
			buildSettings = {
				ALWAYS_SEARCH_USER_PATHS = NO;
				CLANG_ANALYZER_NONNULL = YES;
				CLANG_ANALYZER_NUMBER_OBJECT_CONVERSION = YES_AGGRESSIVE;
				CLANG_CXX_LANGUAGE_STANDARD = "gnu++14";
				CLANG_CXX_LIBRARY = "libc++";
				CLANG_ENABLE_MODULES = YES;
				CLANG_ENABLE_OBJC_ARC = YES;
				CLANG_ENABLE_OBJC_WEAK = YES;
				CLANG_WARN_BLOCK_CAPTURE_AUTORELEASING = YES;
				CLANG_WARN_BOOL_CONVERSION = YES;
				CLANG_WARN_COMMA = YES;
				CLANG_WARN_CONSTANT_CONVERSION = YES;
				CLANG_WARN_DEPRECATED_OBJC_IMPLEMENTATIONS = YES;
				CLANG_WARN_DIRECT_OBJC_ISA_USAGE = YES_ERROR;
				CLANG_WARN_DOCUMENTATION_COMMENTS = YES;
				CLANG_WARN_EMPTY_BODY = YES;
				CLANG_WARN_ENUM_CONVERSION = YES;
				CLANG_WARN_INFINITE_RECURSION = YES;
				CLANG_WARN_INT_CONVERSION = YES;
				CLANG_WARN_NON_LITERAL_NULL_CONVERSION = YES;
				CLANG_WARN_OBJC_IMPLICIT_RETAIN_SELF = YES;
				CLANG_WARN_OBJC_LITERAL_CONVERSION = YES;
				CLANG_WARN_OBJC_ROOT_CLASS = YES_ERROR;
				CLANG_WARN_RANGE_LOOP_ANALYSIS = YES;
				CLANG_WARN_STRICT_PROTOTYPES = YES;
				CLANG_WARN_SUSPICIOUS_MOVE = YES;
				CLANG_WARN_UNGUARDED_AVAILABILITY = YES_AGGRESSIVE;
				CLANG_WARN_UNREACHABLE_CODE = YES;
				CLANG_WARN__DUPLICATE_METHOD_MATCH = YES;
				COPY_PHASE_STRIP = NO;
				DEBUG_INFORMATION_FORMAT = dwarf;
				ENABLE_STRICT_OBJC_MSGSEND = YES;
				ENABLE_TESTABILITY = YES;
				GCC_C_LANGUAGE_STANDARD = gnu11;
				GCC_DYNAMIC_NO_PIC = NO;
				GCC_NO_COMMON_BLOCKS = YES;
				GCC_OPTIMIZATION_LEVEL = 0;
				GCC_PREPROCESSOR_DEFINITIONS = (
					"DEBUG=1",
					"$(inherited)",
				);
				GCC_WARN_64_TO_32_BIT_CONVERSION = YES;
				GCC_WARN_ABOUT_RETURN_TYPE = YES_ERROR;
				GCC_WARN_UNDECLARED_SELECTOR = YES;
				GCC_WARN_UNINITIALIZED_AUTOS = YES_AGGRESSIVE;
				GCC_WARN_UNUSED_FUNCTION = YES;
				GCC_WARN_UNUSED_VARIABLE = YES;
				IPHONEOS_DEPLOYMENT_TARGET = 13.4;
				MTL_ENABLE_DEBUG_INFO = INCLUDE_SOURCE;
				MTL_FAST_MATH = YES;
				ONLY_ACTIVE_ARCH = YES;
				SDKROOT = iphoneos;
				SWIFT_ACTIVE_COMPILATION_CONDITIONS = DEBUG;
				SWIFT_OPTIMIZATION_LEVEL = "-Onone";
			};
			name = Debug;
		};
		AA86287B2488DE7700D9DE97 /* Release */ = {
			isa = XCBuildConfiguration;
			buildSettings = {
				ALWAYS_SEARCH_USER_PATHS = NO;
				CLANG_ANALYZER_NONNULL = YES;
				CLANG_ANALYZER_NUMBER_OBJECT_CONVERSION = YES_AGGRESSIVE;
				CLANG_CXX_LANGUAGE_STANDARD = "gnu++14";
				CLANG_CXX_LIBRARY = "libc++";
				CLANG_ENABLE_MODULES = YES;
				CLANG_ENABLE_OBJC_ARC = YES;
				CLANG_ENABLE_OBJC_WEAK = YES;
				CLANG_WARN_BLOCK_CAPTURE_AUTORELEASING = YES;
				CLANG_WARN_BOOL_CONVERSION = YES;
				CLANG_WARN_COMMA = YES;
				CLANG_WARN_CONSTANT_CONVERSION = YES;
				CLANG_WARN_DEPRECATED_OBJC_IMPLEMENTATIONS = YES;
				CLANG_WARN_DIRECT_OBJC_ISA_USAGE = YES_ERROR;
				CLANG_WARN_DOCUMENTATION_COMMENTS = YES;
				CLANG_WARN_EMPTY_BODY = YES;
				CLANG_WARN_ENUM_CONVERSION = YES;
				CLANG_WARN_INFINITE_RECURSION = YES;
				CLANG_WARN_INT_CONVERSION = YES;
				CLANG_WARN_NON_LITERAL_NULL_CONVERSION = YES;
				CLANG_WARN_OBJC_IMPLICIT_RETAIN_SELF = YES;
				CLANG_WARN_OBJC_LITERAL_CONVERSION = YES;
				CLANG_WARN_OBJC_ROOT_CLASS = YES_ERROR;
				CLANG_WARN_RANGE_LOOP_ANALYSIS = YES;
				CLANG_WARN_STRICT_PROTOTYPES = YES;
				CLANG_WARN_SUSPICIOUS_MOVE = YES;
				CLANG_WARN_UNGUARDED_AVAILABILITY = YES_AGGRESSIVE;
				CLANG_WARN_UNREACHABLE_CODE = YES;
				CLANG_WARN__DUPLICATE_METHOD_MATCH = YES;
				COPY_PHASE_STRIP = NO;
				DEBUG_INFORMATION_FORMAT = "dwarf-with-dsym";
				ENABLE_NS_ASSERTIONS = NO;
				ENABLE_STRICT_OBJC_MSGSEND = YES;
				GCC_C_LANGUAGE_STANDARD = gnu11;
				GCC_NO_COMMON_BLOCKS = YES;
				GCC_WARN_64_TO_32_BIT_CONVERSION = YES;
				GCC_WARN_ABOUT_RETURN_TYPE = YES_ERROR;
				GCC_WARN_UNDECLARED_SELECTOR = YES;
				GCC_WARN_UNINITIALIZED_AUTOS = YES_AGGRESSIVE;
				GCC_WARN_UNUSED_FUNCTION = YES;
				GCC_WARN_UNUSED_VARIABLE = YES;
				IPHONEOS_DEPLOYMENT_TARGET = 13.4;
				MTL_ENABLE_DEBUG_INFO = NO;
				MTL_FAST_MATH = YES;
				SDKROOT = iphoneos;
				SWIFT_COMPILATION_MODE = wholemodule;
				SWIFT_OPTIMIZATION_LEVEL = "-O";
				VALIDATE_PRODUCT = YES;
			};
			name = Release;
		};
		AA86287D2488DE7700D9DE97 /* Debug */ = {
			isa = XCBuildConfiguration;
			buildSettings = {
				ASSETCATALOG_COMPILER_APPICON_NAME = AppIcon;
				CODE_SIGN_STYLE = Automatic;
				INFOPLIST_FILE = "Recipe App/Info.plist";
				LD_RUNPATH_SEARCH_PATHS = (
					"$(inherited)",
					"@executable_path/Frameworks",
				);
				PRODUCT_BUNDLE_IDENTIFIER = "UTS.Recipe-App";
				PRODUCT_NAME = "$(TARGET_NAME)";
				SWIFT_VERSION = 5.0;
				TARGETED_DEVICE_FAMILY = "1,2";
			};
			name = Debug;
		};
		AA86287E2488DE7700D9DE97 /* Release */ = {
			isa = XCBuildConfiguration;
			buildSettings = {
				ASSETCATALOG_COMPILER_APPICON_NAME = AppIcon;
				CODE_SIGN_STYLE = Automatic;
				INFOPLIST_FILE = "Recipe App/Info.plist";
				LD_RUNPATH_SEARCH_PATHS = (
					"$(inherited)",
					"@executable_path/Frameworks",
				);
				PRODUCT_BUNDLE_IDENTIFIER = "UTS.Recipe-App";
				PRODUCT_NAME = "$(TARGET_NAME)";
				SWIFT_VERSION = 5.0;
				TARGETED_DEVICE_FAMILY = "1,2";
			};
			name = Release;
		};
/* End XCBuildConfiguration section */

/* Begin XCConfigurationList section */
		AA8628632488DE6F00D9DE97 /* Build configuration list for PBXProject "Recipe App" */ = {
			isa = XCConfigurationList;
			buildConfigurations = (
				AA86287A2488DE7700D9DE97 /* Debug */,
				AA86287B2488DE7700D9DE97 /* Release */,
			);
			defaultConfigurationIsVisible = 0;
			defaultConfigurationName = Release;
		};
		AA86287C2488DE7700D9DE97 /* Build configuration list for PBXNativeTarget "Recipe App" */ = {
			isa = XCConfigurationList;
			buildConfigurations = (
				AA86287D2488DE7700D9DE97 /* Debug */,
				AA86287E2488DE7700D9DE97 /* Release */,
			);
			defaultConfigurationIsVisible = 0;
			defaultConfigurationName = Release;
		};
/* End XCConfigurationList section */
	};
	rootObject = AA8628602488DE6F00D9DE97 /* Project object */;
}
